
Microsoft Visual Studio Solution File, Format Version 12.00
# Visual Studio Version 17
VisualStudioVersion = 17.7.34024.191
MinimumVisualStudioVersion = 10.0.40219.1
Project("{FAE04EC0-301F-11D3-BF4B-00C04F79EFBC}") = "CircleDetector", "CircleDetector.csproj", "{82FF012A-99D3-4C34-A37E-98E10E28897F}"
EndProject
Global
	GlobalSection(SolutionConfigurationPlatforms) = preSolution
		Debug|Any CPU = Debug|Any CPU
		Release|Any CPU = Release|Any CPU
	EndGlobalSection
	GlobalSection(ProjectConfigurationPlatforms) = postSolution
		{82FF012A-99D3-4C34-A37E-98E10E28897F}.Debug|Any CPU.ActiveCfg = Debug|Any CPU
		{82FF012A-99D3-4C34-A37E-98E10E28897F}.Debug|Any CPU.Build.0 = Debug|Any CPU
		{82FF012A-99D3-4C34-A37E-98E10E28897F}.Release|Any CPU.ActiveCfg = Release|Any CPU
		{82FF012A-99D3-4C34-A37E-98E10E28897F}.Release|Any CPU.Build.0 = Release|Any CPU
	EndGlobalSection
	GlobalSection(SolutionProperties) = preSolution
		HideSolutionNode = FALSE
	EndGlobalSection
	GlobalSection(ExtensibilityGlobals) = postSolution
		SolutionGuid = {8C8AA4BA-660C-43C9-95EC-3857DE4DACCF}
	EndGlobalSection
EndGlobal
